
Microsoft Visual Studio Solution File, Format Version 12.00
# Visual Studio Version 16
VisualStudioVersion = 16.0.29009.5
MinimumVisualStudioVersion = 10.0.40219.1
Project("{FAE04EC0-301F-11D3-BF4B-00C04F79EFBC}") = "SocketLibrary", "SocketLibrary\SocketLibrary.csproj", "{07A4914F-37B5-48A5-9BFF-F4476548C5DB}"
EndProject
Project("{FAE04EC0-301F-11D3-BF4B-00C04F79EFBC}") = "SocketClientTest", "SocketClientTest\SocketClientTest.csproj", "{D53B2809-45CC-4F6D-9BDB-4FC9876E018D}"
EndProject
Project("{FAE04EC0-301F-11D3-BF4B-00C04F79EFBC}") = "SocketServerTest", "SocketServerTest\SocketServerTest.csproj", "{E3E1E354-3622-43AD-9F91-D90C085A6346}"
EndProject
Project("{FAE04EC0-301F-11D3-BF4B-00C04F79EFBC}") = "TCP_Server", "TCP_Server\TCP_Server.csproj", "{B2C1C30F-46C7-4229-A779-6CB813ED6914}"
EndProject
Project("{FAE04EC0-301F-11D3-BF4B-00C04F79EFBC}") = "TCP_Client", "TCP_Client\TCP_Client.csproj", "{2B60F6CD-7BD2-4A3B-BCCE-18F8DF672705}"
EndProject
Global
	GlobalSection(SolutionConfigurationPlatforms) = preSolution
		Debug|Any CPU = Debug|Any CPU
		Release|Any CPU = Release|Any CPU
	EndGlobalSection
	GlobalSection(ProjectConfigurationPlatforms) = postSolution
		{07A4914F-37B5-48A5-9BFF-F4476548C5DB}.Debug|Any CPU.ActiveCfg = Debug|Any CPU
		{07A4914F-37B5-48A5-9BFF-F4476548C5DB}.Debug|Any CPU.Build.0 = Debug|Any CPU
		{07A4914F-37B5-48A5-9BFF-F4476548C5DB}.Release|Any CPU.ActiveCfg = Release|Any CPU
		{07A4914F-37B5-48A5-9BFF-F4476548C5DB}.Release|Any CPU.Build.0 = Release|Any CPU
		{D53B2809-45CC-4F6D-9BDB-4FC9876E018D}.Debug|Any CPU.ActiveCfg = Debug|Any CPU
		{D53B2809-45CC-4F6D-9BDB-4FC9876E018D}.Debug|Any CPU.Build.0 = Debug|Any CPU
		{D53B2809-45CC-4F6D-9BDB-4FC9876E018D}.Release|Any CPU.ActiveCfg = Release|Any CPU
		{D53B2809-45CC-4F6D-9BDB-4FC9876E018D}.Release|Any CPU.Build.0 = Release|Any CPU
		{E3E1E354-3622-43AD-9F91-D90C085A6346}.Debug|Any CPU.ActiveCfg = Debug|Any CPU
		{E3E1E354-3622-43AD-9F91-D90C085A6346}.Debug|Any CPU.Build.0 = Debug|Any CPU
		{E3E1E354-3622-43AD-9F91-D90C085A6346}.Release|Any CPU.ActiveCfg = Release|Any CPU
		{E3E1E354-3622-43AD-9F91-D90C085A6346}.Release|Any CPU.Build.0 = Release|Any CPU
		{B2C1C30F-46C7-4229-A779-6CB813ED6914}.Debug|Any CPU.ActiveCfg = Debug|Any CPU
		{B2C1C30F-46C7-4229-A779-6CB813ED6914}.Debug|Any CPU.Build.0 = Debug|Any CPU
		{B2C1C30F-46C7-4229-A779-6CB813ED6914}.Release|Any CPU.ActiveCfg = Release|Any CPU
		{B2C1C30F-46C7-4229-A779-6CB813ED6914}.Release|Any CPU.Build.0 = Release|Any CPU
		{2B60F6CD-7BD2-4A3B-BCCE-18F8DF672705}.Debug|Any CPU.ActiveCfg = Debug|Any CPU
		{2B60F6CD-7BD2-4A3B-BCCE-18F8DF672705}.Debug|Any CPU.Build.0 = Debug|Any CPU
		{2B60F6CD-7BD2-4A3B-BCCE-18F8DF672705}.Release|Any CPU.ActiveCfg = Release|Any CPU
		{2B60F6CD-7BD2-4A3B-BCCE-18F8DF672705}.Release|Any CPU.Build.0 = Release|Any CPU
	EndGlobalSection
	GlobalSection(SolutionProperties) = preSolution
		HideSolutionNode = FALSE
	EndGlobalSection
	GlobalSection(ExtensibilityGlobals) = postSolution
		SolutionGuid = {DEECFBB6-67AC-478C-8BA6-164F226DDB13}
	EndGlobalSection
EndGlobal
